{
  "name": "pocketbase_0.10.4_darwin_arm64",
  "version": "1.0.0",
  "lockfileVersion": 2,
  "requires": true,
  "packages": {
    "": {
      "name": "pocketbase_0.10.4_darwin_arm64",
      "version": "1.0.0",
      "license": "ISC",
      "dependencies": {
        "pocketbase": "^0.9.1"
      }
    },
    "node_modules/pocketbase": {
      "version": "0.9.1",
      "resolved": "https://registry.npmjs.org/pocketbase/-/pocketbase-0.9.1.tgz",
      "integrity": "sha512-a9S/WHak+mgr3WI8bD2tz3lFVFzoy6ZgKTBlUXwIH4VLTKVU3JKeAKxqIFBF7av4qblmB+52tX8sWLS08Ftm/w=="
    }
  },
  "dependencies": {
    "pocketbase": {
      "version": "0.9.1",
      "resolved": "https://registry.npmjs.org/pocketbase/-/pocketbase-0.9.1.tgz",
      "integrity": "sha512-a9S/WHak+mgr3WI8bD2tz3lFVFzoy6ZgKTBlUXwIH4VLTKVU3JKeAKxqIFBF7av4qblmB+52tX8sWLS08Ftm/w=="
    }
  }
}
